
Microsoft Visual Studio Solution File, Format Version 12.00
# Visual Studio Version 17
VisualStudioVersion = 17.11.35208.52
MinimumVisualStudioVersion = 10.0.40219.1
Project("{FAE04EC0-301F-11D3-BF4B-00C04F79EFBC}") = "MIUMIU1", "MIUMIU1.csproj", "{81CEE43F-65BA-49BE-8B13-9B06452180D0}"
EndProject
Global
	GlobalSection(SolutionConfigurationPlatforms) = preSolution
		Debug|Any CPU = Debug|Any CPU
		Release|Any CPU = Release|Any CPU
	EndGlobalSection
	GlobalSection(ProjectConfigurationPlatforms) = postSolution
		{81CEE43F-65BA-49BE-8B13-9B06452180D0}.Debug|Any CPU.ActiveCfg = Debug|Any CPU
		{81CEE43F-65BA-49BE-8B13-9B06452180D0}.Debug|Any CPU.Build.0 = Debug|Any CPU
		{81CEE43F-65BA-49BE-8B13-9B06452180D0}.Release|Any CPU.ActiveCfg = Release|Any CPU
		{81CEE43F-65BA-49BE-8B13-9B06452180D0}.Release|Any CPU.Build.0 = Release|Any CPU
	EndGlobalSection
	GlobalSection(SolutionProperties) = preSolution
		HideSolutionNode = FALSE
	EndGlobalSection
	GlobalSection(ExtensibilityGlobals) = postSolution
		SolutionGuid = {67903F99-FD8B-4ED7-98C8-080C7DEE1013}
	EndGlobalSection
EndGlobal
